// !$*UTF8*$!
{
	archiveVersion = 1;
	classes = {
	};
	objectVersion = 48;
	objects = {

/* Begin PBXBuildFile section */
		1A262A34210DB93A0042FA1A /* AppDelegate.m in Sources */ = {isa = PBXBuildFile; fileRef = 1A262A33210DB93A0042FA1A /* AppDelegate.m */; };
		1A262A37210DB93A0042FA1A /* ViewController.m in Sources */ = {isa = PBXBuildFile; fileRef = 1A262A36210DB93A0042FA1A /* ViewController.m */; };
		1A262A3A210DB93A0042FA1A /* Main.storyboard in Resources */ = {isa = PBXBuildFile; fileRef = 1A262A38210DB93A0042FA1A /* Main.storyboard */; };
		1A262A3C210DB93A0042FA1A /* Assets.xcassets in Resources */ = {isa = PBXBuildFile; fileRef = 1A262A3B210DB93A0042FA1A /* Assets.xcassets */; };
		1A262A3F210DB93A0042FA1A /* LaunchScreen.storyboard in Resources */ = {isa = PBXBuildFile; fileRef = 1A262A3D210DB93A0042FA1A /* LaunchScreen.storyboard */; };
		1A262A42210DB93A0042FA1A /* main.m in Sources */ = {isa = PBXBuildFile; fileRef = 1A262A41210DB93A0042FA1A /* main.m */; };
		1A262A4C210DB93A0042FA1A /* CollectionViewPageEnableTests.m in Sources */ = {isa = PBXBuildFile; fileRef = 1A262A4B210DB93A0042FA1A /* CollectionViewPageEnableTests.m */; };
		1A262A57210DB93A0042FA1A /* CollectionViewPageEnableUITests.m in Sources */ = {isa = PBXBuildFile; fileRef = 1A262A56210DB93A0042FA1A /* CollectionViewPageEnableUITests.m */; };
		1A262A66210DB97F0042FA1A /* TMSCollectionViewFlowLayout.m in Sources */ = {isa = PBXBuildFile; fileRef = 1A262A65210DB97F0042FA1A /* TMSCollectionViewFlowLayout.m */; };
/* End PBXBuildFile section */

/* Begin PBXContainerItemProxy section */
		1A262A48210DB93A0042FA1A /* PBXContainerItemProxy */ = {
			isa = PBXContainerItemProxy;
			containerPortal = 1A262A27210DB93A0042FA1A /* Project object */;
			proxyType = 1;
			remoteGlobalIDString = 1A262A2E210DB93A0042FA1A;
			remoteInfo = CollectionViewPageEnable;
		};
		1A262A53210DB93A0042FA1A /* PBXContainerItemProxy */ = {
			isa = PBXContainerItemProxy;
			containerPortal = 1A262A27210DB93A0042FA1A /* Project object */;
			proxyType = 1;
			remoteGlobalIDString = 1A262A2E210DB93A0042FA1A;
			remoteInfo = CollectionViewPageEnable;
		};
/* End PBXContainerItemProxy section */

/* Begin PBXFileReference section */
		1A262A2F210DB93A0042FA1A /* CollectionViewPageEnable.app */ = {isa = PBXFileReference; explicitFileType = wrapper.application; includeInIndex = 0; path = CollectionViewPageEnable.app; sourceTree = BUILT_PRODUCTS_DIR; };
		1A262A32210DB93A0042FA1A /* AppDelegate.h */ = {isa = PBXFileReference; lastKnownFileType = sourcecode.c.h; path = AppDelegate.h; sourceTree = "<group>"; };
		1A262A33210DB93A0042FA1A /* AppDelegate.m */ = {isa = PBXFileReference; lastKnownFileType = sourcecode.c.objc; path = AppDelegate.m; sourceTree = "<group>"; };
		1A262A35210DB93A0042FA1A /* ViewController.h */ = {isa = PBXFileReference; lastKnownFileType = sourcecode.c.h; path = ViewController.h; sourceTree = "<group>"; };
		1A262A36210DB93A0042FA1A /* ViewController.m */ = {isa = PBXFileReference; lastKnownFileType = sourcecode.c.objc; path = ViewController.m; sourceTree = "<group>"; };
		1A262A39210DB93A0042FA1A /* Base */ = {isa = PBXFileReference; lastKnownFileType = file.storyboard; name = Base; path = Base.lproj/Main.storyboard; sourceTree = "<group>"; };
		1A262A3B210DB93A0042FA1A /* Assets.xcassets */ = {isa = PBXFileReference; lastKnownFileType = folder.assetcatalog; path = Assets.xcassets; sourceTree = "<group>"; };
		1A262A3E210DB93A0042FA1A /* Base */ = {isa = PBXFileReference; lastKnownFileType = file.storyboard; name = Base; path = Base.lproj/LaunchScreen.storyboard; sourceTree = "<group>"; };
		1A262A40210DB93A0042FA1A /* Info.plist */ = {isa = PBXFileReference; lastKnownFileType = text.plist.xml; path = Info.plist; sourceTree = "<group>"; };
		1A262A41210DB93A0042FA1A /* main.m */ = {isa = PBXFileReference; lastKnownFileType = sourcecode.c.objc; path = main.m; sourceTree = "<group>"; };
		1A262A47210DB93A0042FA1A /* CollectionViewPageEnableTests.xctest */ = {isa = PBXFileReference; explicitFileType = wrapper.cfbundle; includeInIndex = 0; path = CollectionViewPageEnableTests.xctest; sourceTree = BUILT_PRODUCTS_DIR; };
		1A262A4B210DB93A0042FA1A /* CollectionViewPageEnableTests.m */ = {isa = PBXFileReference; lastKnownFileType = sourcecode.c.objc; path = CollectionViewPageEnableTests.m; sourceTree = "<group>"; };
		1A262A4D210DB93A0042FA1A /* Info.plist */ = {isa = PBXFileReference; lastKnownFileType = text.plist.xml; path = Info.plist; sourceTree = "<group>"; };
		1A262A52210DB93A0042FA1A /* CollectionViewPageEnableUITests.xctest */ = {isa = PBXFileReference; explicitFileType = wrapper.cfbundle; includeInIndex = 0; path = CollectionViewPageEnableUITests.xctest; sourceTree = BUILT_PRODUCTS_DIR; };
		1A262A56210DB93A0042FA1A /* CollectionViewPageEnableUITests.m */ = {isa = PBXFileReference; lastKnownFileType = sourcecode.c.objc; path = CollectionViewPageEnableUITests.m; sourceTree = "<group>"; };
		1A262A58210DB93A0042FA1A /* Info.plist */ = {isa = PBXFileReference; lastKnownFileType = text.plist.xml; path = Info.plist; sourceTree = "<group>"; };
		1A262A64210DB97F0042FA1A /* TMSCollectionViewFlowLayout.h */ = {isa = PBXFileReference; lastKnownFileType = sourcecode.c.h; path = TMSCollectionViewFlowLayout.h; sourceTree = "<group>"; };
		1A262A65210DB97F0042FA1A /* TMSCollectionViewFlowLayout.m */ = {isa = PBXFileReference; lastKnownFileType = sourcecode.c.objc; path = TMSCollectionViewFlowLayout.m; sourceTree = "<group>"; };
/* End PBXFileReference section */

/* Begin PBXFrameworksBuildPhase section */
		1A262A2C210DB93A0042FA1A /* Frameworks */ = {
			isa = PBXFrameworksBuildPhase;
			buildActionMask = 2147483647;
			files = (
			);
			runOnlyForDeploymentPostprocessing = 0;
		};
		1A262A44210DB93A0042FA1A /* Frameworks */ = {
			isa = PBXFrameworksBuildPhase;
			buildActionMask = 2147483647;
			files = (
			);
			runOnlyForDeploymentPostprocessing = 0;
		};
		1A262A4F210DB93A0042FA1A /* Frameworks */ = {
			isa = PBXFrameworksBuildPhase;
			buildActionMask = 2147483647;
			files = (
			);
			runOnlyForDeploymentPostprocessing = 0;
		};
/* End PBXFrameworksBuildPhase section */

/* Begin PBXGroup section */
		1A262A26210DB93A0042FA1A = {
			isa = PBXGroup;
			children = (
				1A262A31210DB93A0042FA1A /* CollectionViewPageEnable */,
				1A262A4A210DB93A0042FA1A /* CollectionViewPageEnableTests */,
				1A262A55210DB93A0042FA1A /* CollectionViewPageEnableUITests */,
				1A262A30210DB93A0042FA1A /* Products */,
			);
			sourceTree = "<group>";
		};
		1A262A30210DB93A0042FA1A /* Products */ = {
			isa = PBXGroup;
			children = (
				1A262A2F210DB93A0042FA1A /* CollectionViewPageEnable.app */,
				1A262A47210DB93A0042FA1A /* CollectionViewPageEnableTests.xctest */,
				1A262A52210DB93A0042FA1A /* CollectionViewPageEnableUITests.xctest */,
			);
			name = Products;
			sourceTree = "<group>";
		};
		1A262A31210DB93A0042FA1A /* CollectionViewPageEnable */ = {
			isa = PBXGroup;
			children = (
				1A262A32210DB93A0042FA1A /* AppDelegate.h */,
				1A262A33210DB93A0042FA1A /* AppDelegate.m */,
				1A262A35210DB93A0042FA1A /* ViewController.h */,
				1A262A36210DB93A0042FA1A /* ViewController.m */,
				1A262A64210DB97F0042FA1A /* TMSCollectionViewFlowLayout.h */,
				1A262A65210DB97F0042FA1A /* TMSCollectionViewFlowLayout.m */,
				1A262A38210DB93A0042FA1A /* Main.storyboard */,
				1A262A3B210DB93A0042FA1A /* Assets.xcassets */,
				1A262A3D210DB93A0042FA1A /* LaunchScreen.storyboard */,
				1A262A40210DB93A0042FA1A /* Info.plist */,
				1A262A41210DB93A0042FA1A /* main.m */,
			);
			path = CollectionViewPageEnable;
			sourceTree = "<group>";
		};
		1A262A4A210DB93A0042FA1A /* CollectionViewPageEnableTests */ = {
			isa = PBXGroup;
			children = (
				1A262A4B210DB93A0042FA1A /* CollectionViewPageEnableTests.m */,
				1A262A4D210DB93A0042FA1A /* Info.plist */,
			);
			path = CollectionViewPageEnableTests;
			sourceTree = "<group>";
		};
		1A262A55210DB93A0042FA1A /* CollectionViewPageEnableUITests */ = {
			isa = PBXGroup;
			children = (
				1A262A56210DB93A0042FA1A /* CollectionViewPageEnableUITests.m */,
				1A262A58210DB93A0042FA1A /* Info.plist */,
			);
			path = CollectionViewPageEnableUITests;
			sourceTree = "<group>";
		};
/* End PBXGroup section */

/* Begin PBXNativeTarget section */
		1A262A2E210DB93A0042FA1A /* CollectionViewPageEnable */ = {
			isa = PBXNativeTarget;
			buildConfigurationList = 1A262A5B210DB93A0042FA1A /* Build configuration list for PBXNativeTarget "CollectionViewPageEnable" */;
			buildPhases = (
				1A262A2B210DB93A0042FA1A /* Sources */,
				1A262A2C210DB93A0042FA1A /* Frameworks */,
				1A262A2D210DB93A0042FA1A /* Resources */,
			);
			buildRules = (
			);
			dependencies = (
			);
			name = CollectionViewPageEnable;
			productName = CollectionViewPageEnable;
			productReference = 1A262A2F210DB93A0042FA1A /* CollectionViewPageEnable.app */;
			productType = "com.apple.product-type.application";
		};
		1A262A46210DB93A0042FA1A /* CollectionViewPageEnableTests */ = {
			isa = PBXNativeTarget;
			buildConfigurationList = 1A262A5E210DB93A0042FA1A /* Build configuration list for PBXNativeTarget "CollectionViewPageEnableTests" */;
			buildPhases = (
				1A262A43210DB93A0042FA1A /* Sources */,
				1A262A44210DB93A0042FA1A /* Frameworks */,
				1A262A45210DB93A0042FA1A /* Resources */,
			);
			buildRules = (
			);
			dependencies = (
				1A262A49210DB93A0042FA1A /* PBXTargetDependency */,
			);
			name = CollectionViewPageEnableTests;
			productName = CollectionViewPageEnableTests;
			productReference = 1A262A47210DB93A0042FA1A /* CollectionViewPageEnableTests.xctest */;
			productType = "com.apple.product-type.bundle.unit-test";
		};
		1A262A51210DB93A0042FA1A /* CollectionViewPageEnableUITests */ = {
			isa = PBXNativeTarget;
			buildConfigurationList = 1A262A61210DB93A0042FA1A /* Build configuration list for PBXNativeTarget "CollectionViewPageEnableUITests" */;
			buildPhases = (
				1A262A4E210DB93A0042FA1A /* Sources */,
				1A262A4F210DB93A0042FA1A /* Frameworks */,
				1A262A50210DB93A0042FA1A /* Resources */,
			);
			buildRules = (
			);
			dependencies = (
				1A262A54210DB93A0042FA1A /* PBXTargetDependency */,
			);
			name = CollectionViewPageEnableUITests;
			productName = CollectionViewPageEnableUITests;
			productReference = 1A262A52210DB93A0042FA1A /* CollectionViewPageEnableUITests.xctest */;
			productType = "com.apple.product-type.bundle.ui-testing";
		};
/* End PBXNativeTarget section */

/* Begin PBXProject section */
		1A262A27210DB93A0042FA1A /* Project object */ = {
			isa = PBXProject;
			attributes = {
				LastUpgradeCheck = 0920;
				ORGANIZATIONNAME = TMS;
				TargetAttributes = {
					1A262A2E210DB93A0042FA1A = {
						CreatedOnToolsVersion = 9.2;
						ProvisioningStyle = Automatic;
					};
					1A262A46210DB93A0042FA1A = {
						CreatedOnToolsVersion = 9.2;
						ProvisioningStyle = Automatic;
						TestTargetID = 1A262A2E210DB93A0042FA1A;
					};
					1A262A51210DB93A0042FA1A = {
						CreatedOnToolsVersion = 9.2;
						ProvisioningStyle = Automatic;
						TestTargetID = 1A262A2E210DB93A0042FA1A;
					};
				};
			};
			buildConfigurationList = 1A262A2A210DB93A0042FA1A /* Build configuration list for PBXProject "CollectionViewPageEnable" */;
			compatibilityVersion = "Xcode 8.0";
			developmentRegion = en;
			hasScannedForEncodings = 0;
			knownRegions = (
				en,
				Base,
			);
			mainGroup = 1A262A26210DB93A0042FA1A;
			productRefGroup = 1A262A30210DB93A0042FA1A /* Products */;
			projectDirPath = "";
			projectRoot = "";
			targets = (
				1A262A2E210DB93A0042FA1A /* CollectionViewPageEnable */,
				1A262A46210DB93A0042FA1A /* CollectionViewPageEnableTests */,
				1A262A51210DB93A0042FA1A /* CollectionViewPageEnableUITests */,
			);
		};
/* End PBXProject section */

/* Begin PBXResourcesBuildPhase section */
		1A262A2D210DB93A0042FA1A /* Resources */ = {
			isa = PBXResourcesBuildPhase;
			buildActionMask = 2147483647;
			files = (
				1A262A3F210DB93A0042FA1A /* LaunchScreen.storyboard in Resources */,
				1A262A3C210DB93A0042FA1A /* Assets.xcassets in Resources */,
				1A262A3A210DB93A0042FA1A /* Main.storyboard in Resources */,
			);
			runOnlyForDeploymentPostprocessing = 0;
		};
		1A262A45210DB93A0042FA1A /* Resources */ = {
			isa = PBXResourcesBuildPhase;
			buildActionMask = 2147483647;
			files = (
			);
			runOnlyForDeploymentPostprocessing = 0;
		};
		1A262A50210DB93A0042FA1A /* Resources */ = {
			isa = PBXResourcesBuildPhase;
			buildActionMask = 2147483647;
			files = (
			);
			runOnlyForDeploymentPostprocessing = 0;
		};
/* End PBXResourcesBuildPhase section */

/* Begin PBXSourcesBuildPhase section */
		1A262A2B210DB93A0042FA1A /* Sources */ = {
			isa = PBXSourcesBuildPhase;
			buildActionMask = 2147483647;
			files = (
				1A262A37210DB93A0042FA1A /* ViewController.m in Sources */,
				1A262A66210DB97F0042FA1A /* TMSCollectionViewFlowLayout.m in Sources */,
				1A262A42210DB93A0042FA1A /* main.m in Sources */,
				1A262A34210DB93A0042FA1A /* AppDelegate.m in Sources */,
			);
			runOnlyForDeploymentPostprocessing = 0;
		};
		1A262A43210DB93A0042FA1A /* Sources */ = {
			isa = PBXSourcesBuildPhase;
			buildActionMask = 2147483647;
			files = (
				1A262A4C210DB93A0042FA1A /* CollectionViewPageEnableTests.m in Sources */,
			);
			runOnlyForDeploymentPostprocessing = 0;
		};
		1A262A4E210DB93A0042FA1A /* Sources */ = {
			isa = PBXSourcesBuildPhase;
			buildActionMask = 2147483647;
			files = (
				1A262A57210DB93A0042FA1A /* CollectionViewPageEnableUITests.m in Sources */,
			);
			runOnlyForDeploymentPostprocessing = 0;
		};
/* End PBXSourcesBuildPhase section */

/* Begin PBXTargetDependency section */
		1A262A49210DB93A0042FA1A /* PBXTargetDependency */ = {
			isa = PBXTargetDependency;
			target = 1A262A2E210DB93A0042FA1A /* CollectionViewPageEnable */;
			targetProxy = 1A262A48210DB93A0042FA1A /* PBXContainerItemProxy */;
		};
		1A262A54210DB93A0042FA1A /* PBXTargetDependency */ = {
			isa = PBXTargetDependency;
			target = 1A262A2E210DB93A0042FA1A /* CollectionViewPageEnable */;
			targetProxy = 1A262A53210DB93A0042FA1A /* PBXContainerItemProxy */;
		};
/* End PBXTargetDependency section */

/* Begin PBXVariantGroup section */
		1A262A38210DB93A0042FA1A /* Main.storyboard */ = {
			isa = PBXVariantGroup;
			children = (
				1A262A39210DB93A0042FA1A /* Base */,
			);
			name = Main.storyboard;
			sourceTree = "<group>";
		};
		1A262A3D210DB93A0042FA1A /* LaunchScreen.storyboard */ = {
			isa = PBXVariantGroup;
			children = (
				1A262A3E210DB93A0042FA1A /* Base */,
			);
			name = LaunchScreen.storyboard;
			sourceTree = "<group>";
		};
/* End PBXVariantGroup section */

/* Begin XCBuildConfiguration section */
		1A262A59210DB93A0042FA1A /* Debug */ = {
			isa = XCBuildConfiguration;
			buildSettings = {
				ALWAYS_SEARCH_USER_PATHS = NO;
				CLANG_ANALYZER_NONNULL = YES;
				CLANG_ANALYZER_NUMBER_OBJECT_CONVERSION = YES_AGGRESSIVE;
				CLANG_CXX_LANGUAGE_STANDARD = "gnu++14";
				CLANG_CXX_LIBRARY = "libc++";
				CLANG_ENABLE_MODULES = YES;
				CLANG_ENABLE_OBJC_ARC = YES;
				CLANG_WARN_BLOCK_CAPTURE_AUTORELEASING = YES;
				CLANG_WARN_BOOL_CONVERSION = YES;
				CLANG_WARN_COMMA = YES;
				CLANG_WARN_CONSTANT_CONVERSION = YES;
				CLANG_WARN_DIRECT_OBJC_ISA_USAGE = YES_ERROR;
				CLANG_WARN_DOCUMENTATION_COMMENTS = YES;
				CLANG_WARN_EMPTY_BODY = YES;
				CLANG_WARN_ENUM_CONVERSION = YES;
				CLANG_WARN_INFINITE_RECURSION = YES;
				CLANG_WARN_INT_CONVERSION = YES;
				CLANG_WARN_NON_LITERAL_NULL_CONVERSION = YES;
				CLANG_WARN_OBJC_LITERAL_CONVERSION = YES;
				CLANG_WARN_OBJC_ROOT_CLASS = YES_ERROR;
				CLANG_WARN_RANGE_LOOP_ANALYSIS = YES;
				CLANG_WARN_STRICT_PROTOTYPES = YES;
				CLANG_WARN_SUSPICIOUS_MOVE = YES;
				CLANG_WARN_UNGUARDED_AVAILABILITY = YES_AGGRESSIVE;
				CLANG_WARN_UNREACHABLE_CODE = YES;
				CLANG_WARN__DUPLICATE_METHOD_MATCH = YES;
				CODE_SIGN_IDENTITY = "iPhone Developer";
				COPY_PHASE_STRIP = NO;
				DEBUG_INFORMATION_FORMAT = dwarf;
				ENABLE_STRICT_OBJC_MSGSEND = YES;
				ENABLE_TESTABILITY = YES;
				GCC_C_LANGUAGE_STANDARD = gnu11;
				GCC_DYNAMIC_NO_PIC = NO;
				GCC_NO_COMMON_BLOCKS = YES;
				GCC_OPTIMIZATION_LEVEL = 0;
				GCC_PREPROCESSOR_DEFINITIONS = (
					"DEBUG=1",
					"$(inherited)",
				);
				GCC_WARN_64_TO_32_BIT_CONVERSION = YES;
				GCC_WARN_ABOUT_RETURN_TYPE = YES_ERROR;
				GCC_WARN_UNDECLARED_SELECTOR = YES;
				GCC_WARN_UNINITIALIZED_AUTOS = YES_AGGRESSIVE;
				GCC_WARN_UNUSED_FUNCTION = YES;
				GCC_WARN_UNUSED_VARIABLE = YES;
				IPHONEOS_DEPLOYMENT_TARGET = 11.2;
				MTL_ENABLE_DEBUG_INFO = YES;
				ONLY_ACTIVE_ARCH = YES;
				SDKROOT = iphoneos;
			};
			name = Debug;
		};
		1A262A5A210DB93A0042FA1A /* Release */ = {
			isa = XCBuildConfiguration;
			buildSettings = {
				ALWAYS_SEARCH_USER_PATHS = NO;
				CLANG_ANALYZER_NONNULL = YES;
				CLANG_ANALYZER_NUMBER_OBJECT_CONVERSION = YES_AGGRESSIVE;
				CLANG_CXX_LANGUAGE_STANDARD = "gnu++14";
				CLANG_CXX_LIBRARY = "libc++";
				CLANG_ENABLE_MODULES = YES;
				CLANG_ENABLE_OBJC_ARC = YES;
				CLANG_WARN_BLOCK_CAPTURE_AUTORELEASING = YES;
				CLANG_WARN_BOOL_CONVERSION = YES;
				CLANG_WARN_COMMA = YES;
				CLANG_WARN_CONSTANT_CONVERSION = YES;
				CLANG_WARN_DIRECT_OBJC_ISA_USAGE = YES_ERROR;
				CLANG_WARN_DOCUMENTATION_COMMENTS = YES;
				CLANG_WARN_EMPTY_BODY = YES;
				CLANG_WARN_ENUM_CONVERSION = YES;
				CLANG_WARN_INFINITE_RECURSION = YES;
				CLANG_WARN_INT_CONVERSION = YES;
				CLANG_WARN_NON_LITERAL_NULL_CONVERSION = YES;
				CLANG_WARN_OBJC_LITERAL_CONVERSION = YES;
				CLANG_WARN_OBJC_ROOT_CLASS = YES_ERROR;
				CLANG_WARN_RANGE_LOOP_ANALYSIS = YES;
				CLANG_WARN_STRICT_PROTOTYPES = YES;
				CLANG_WARN_SUSPICIOUS_MOVE = YES;
				CLANG_WARN_UNGUARDED_AVAILABILITY = YES_AGGRESSIVE;
				CLANG_WARN_UNREACHABLE_CODE = YES;
				CLANG_WARN__DUPLICATE_METHOD_MATCH = YES;
				CODE_SIGN_IDENTITY = "iPhone Developer";
				COPY_PHASE_STRIP = NO;
				DEBUG_INFORMATION_FORMAT = "dwarf-with-dsym";
				ENABLE_NS_ASSERTIONS = NO;
				ENABLE_STRICT_OBJC_MSGSEND = YES;
				GCC_C_LANGUAGE_STANDARD = gnu11;
				GCC_NO_COMMON_BLOCKS = YES;
				GCC_WARN_64_TO_32_BIT_CONVERSION = YES;
				GCC_WARN_ABOUT_RETURN_TYPE = YES_ERROR;
				GCC_WARN_UNDECLARED_SELECTOR = YES;
				GCC_WARN_UNINITIALIZED_AUTOS = YES_AGGRESSIVE;
				GCC_WARN_UNUSED_FUNCTION = YES;
				GCC_WARN_UNUSED_VARIABLE = YES;
				IPHONEOS_DEPLOYMENT_TARGET = 11.2;
				MTL_ENABLE_DEBUG_INFO = NO;
				SDKROOT = iphoneos;
				VALIDATE_PRODUCT = YES;
			};
			name = Release;
		};
		1A262A5C210DB93A0042FA1A /* Debug */ = {
			isa = XCBuildConfiguration;
			buildSettings = {
				ASSETCATALOG_COMPILER_APPICON_NAME = AppIcon;
				CODE_SIGN_STYLE = Automatic;
				DEVELOPMENT_TEAM = GDW8EW5B9D;
				INFOPLIST_FILE = CollectionViewPageEnable/Info.plist;
				IPHONEOS_DEPLOYMENT_TARGET = 9.0;
				LD_RUNPATH_SEARCH_PATHS = "$(inherited) @executable_path/Frameworks";
				PRODUCT_BUNDLE_IDENTIFIER = TMS.CollectionViewPageEnable;
				PRODUCT_NAME = "$(TARGET_NAME)";
				TARGETED_DEVICE_FAMILY = "1,2";
			};
			name = Debug;
		};
		1A262A5D210DB93A0042FA1A /* Release */ = {
			isa = XCBuildConfiguration;
			buildSettings = {
				ASSETCATALOG_COMPILER_APPICON_NAME = AppIcon;
				CODE_SIGN_STYLE = Automatic;
				DEVELOPMENT_TEAM = GDW8EW5B9D;
				INFOPLIST_FILE = CollectionViewPageEnable/Info.plist;
				IPHONEOS_DEPLOYMENT_TARGET = 9.0;
				LD_RUNPATH_SEARCH_PATHS = "$(inherited) @executable_path/Frameworks";
				PRODUCT_BUNDLE_IDENTIFIER = TMS.CollectionViewPageEnable;
				PRODUCT_NAME = "$(TARGET_NAME)";
				TARGETED_DEVICE_FAMILY = "1,2";
			};
			name = Release;
		};
		1A262A5F210DB93A0042FA1A /* Debug */ = {
			isa = XCBuildConfiguration;
			buildSettings = {
				BUNDLE_LOADER = "$(TEST_HOST)";
				CODE_SIGN_STYLE = Automatic;
				DEVELOPMENT_TEAM = GDW8EW5B9D;
				INFOPLIST_FILE = CollectionViewPageEnableTests/Info.plist;
				LD_RUNPATH_SEARCH_PATHS = "$(inherited) @executable_path/Frameworks @loader_path/Frameworks";
				PRODUCT_BUNDLE_IDENTIFIER = TMS.CollectionViewPageEnableTests;
				PRODUCT_NAME = "$(TARGET_NAME)";
				TARGETED_DEVICE_FAMILY = "1,2";
				TEST_HOST = "$(BUILT_PRODUCTS_DIR)/CollectionViewPageEnable.app/CollectionViewPageEnable";
			};
			name = Debug;
		};
		1A262A60210DB93A0042FA1A /* Release */ = {
			isa = XCBuildConfiguration;
			buildSettings = {
				BUNDLE_LOADER = "$(TEST_HOST)";
				CODE_SIGN_STYLE = Automatic;
				DEVELOPMENT_TEAM = GDW8EW5B9D;
				INFOPLIST_FILE = CollectionViewPageEnableTests/Info.plist;
				LD_RUNPATH_SEARCH_PATHS = "$(inherited) @executable_path/Frameworks @loader_path/Frameworks";
				PRODUCT_BUNDLE_IDENTIFIER = TMS.CollectionViewPageEnableTests;
				PRODUCT_NAME = "$(TARGET_NAME)";
				TARGETED_DEVICE_FAMILY = "1,2";
				TEST_HOST = "$(BUILT_PRODUCTS_DIR)/CollectionViewPageEnable.app/CollectionViewPageEnable";
			};
			name = Release;
		};
		1A262A62210DB93A0042FA1A /* Debug */ = {
			isa = XCBuildConfiguration;
			buildSettings = {
				CODE_SIGN_STYLE = Automatic;
				DEVELOPMENT_TEAM = GDW8EW5B9D;
				INFOPLIST_FILE = CollectionViewPageEnableUITests/Info.plist;
				LD_RUNPATH_SEARCH_PATHS = "$(inherited) @executable_path/Frameworks @loader_path/Frameworks";
				PRODUCT_BUNDLE_IDENTIFIER = TMS.CollectionViewPageEnableUITests;
				PRODUCT_NAME = "$(TARGET_NAME)";
				TARGETED_DEVICE_FAMILY = "1,2";
				TEST_TARGET_NAME = CollectionViewPageEnable;
			};
			name = Debug;
		};
		1A262A63210DB93A0042FA1A /* Release */ = {
			isa = XCBuildConfiguration;
			buildSettings = {
				CODE_SIGN_STYLE = Automatic;
				DEVELOPMENT_TEAM = GDW8EW5B9D;
				INFOPLIST_FILE = CollectionViewPageEnableUITests/Info.plist;
				LD_RUNPATH_SEARCH_PATHS = "$(inherited) @executable_path/Frameworks @loader_path/Frameworks";
				PRODUCT_BUNDLE_IDENTIFIER = TMS.CollectionViewPageEnableUITests;
				PRODUCT_NAME = "$(TARGET_NAME)";
				TARGETED_DEVICE_FAMILY = "1,2";
				TEST_TARGET_NAME = CollectionViewPageEnable;
			};
			name = Release;
		};
/* End XCBuildConfiguration section */

/* Begin XCConfigurationList section */
		1A262A2A210DB93A0042FA1A /* Build configuration list for PBXProject "CollectionViewPageEnable" */ = {
			isa = XCConfigurationList;
			buildConfigurations = (
				1A262A59210DB93A0042FA1A /* Debug */,
				1A262A5A210DB93A0042FA1A /* Release */,
			);
			defaultConfigurationIsVisible = 0;
			defaultConfigurationName = Release;
		};
		1A262A5B210DB93A0042FA1A /* Build configuration list for PBXNativeTarget "CollectionViewPageEnable" */ = {
			isa = XCConfigurationList;
			buildConfigurations = (
				1A262A5C210DB93A0042FA1A /* Debug */,
				1A262A5D210DB93A0042FA1A /* Release */,
			);
			defaultConfigurationIsVisible = 0;
			defaultConfigurationName = Release;
		};
		1A262A5E210DB93A0042FA1A /* Build configuration list for PBXNativeTarget "CollectionViewPageEnableTests" */ = {
			isa = XCConfigurationList;
			buildConfigurations = (
				1A262A5F210DB93A0042FA1A /* Debug */,
				1A262A60210DB93A0042FA1A /* Release */,
			);
			defaultConfigurationIsVisible = 0;
			defaultConfigurationName = Release;
		};
		1A262A61210DB93A0042FA1A /* Build configuration list for PBXNativeTarget "CollectionViewPageEnableUITests" */ = {
			isa = XCConfigurationList;
			buildConfigurations = (
				1A262A62210DB93A0042FA1A /* Debug */,
				1A262A63210DB93A0042FA1A /* Release */,
			);
			defaultConfigurationIsVisible = 0;
			defaultConfigurationName = Release;
		};
/* End XCConfigurationList section */
	};
	rootObject = 1A262A27210DB93A0042FA1A /* Project object */;
}
